[[tools.node]]
version = "25.4.0"
backend = "core:node"
"platforms.linux-arm64" = { checksum = "sha256:b059f504162053f4a5d71e85f3d1d89032a7c14eb1a7223c76ef2ff9ce34612c", url = "https://nodejs.org/dist/v25.4.0/node-v25.4.0-linux-arm64.tar.gz"}
"platforms.linux-x64" = { checksum = "sha256:5951a889ab65b3a73cc88e6d412d70499f523a89fe553b5349471af7586f2be2", url = "https://nodejs.org/dist/v25.4.0/node-v25.4.0-linux-x64.tar.gz"}
"platforms.macos-arm64" = { checksum = "sha256:bfa7af56c0f24074d7a6c5b08d837b8be211f44db5fcc93dcb2cb96153e49b65", url = "https://nodejs.org/dist/v25.4.0/node-v25.4.0-darwin-arm64.tar.gz"}
"platforms.macos-x64" = { checksum = "sha256:1c75d67c9416c61a948c7cd5662b4293daa0e5a9ddac664f17921ccd5d41a016", url = "https://nodejs.org/dist/v25.4.0/node-v25.4.0-darwin-x64.tar.gz"}
"platforms.windows-x64" = { checksum = "sha256:5a5fcd17bc7567645c85b016cd428e4cd9e54796994651be3f3709768714e002", url = "https://nodejs.org/dist/v25.4.0/node-v25.4.0-win-x64.zip"}

[[tools."npm:@mariozechner/pi-coding-agent"]]
version = "0.57.1"
backend = "npm:@mariozechner/pi-coding-agent"

[[tools."npm:yaml-language-server"]]
version = "1.21.0"
backend = "npm:yaml-language-server"

[[tools.pitchfork]]
version = "2.0.0"
backend = "aqua:jdx/pitchfork"
"platforms.linux-arm64" = { checksum = "sha256:4550dd103665559d9437c01d8d950a7c57ec4300c51fe63c3fb5034e61df3ee6", url = "https://github.com/jdx/pitchfork/releases/download/v2.0.0/pitchfork-aarch64-unknown-linux-gnu.tar.gz"}
"platforms.linux-x64" = { checksum = "sha256:6d2def615a908a1b1f93b1a16a0f699defbbe3b1cd86e896b3b0d7465f86ec8d", url = "https://github.com/jdx/pitchfork/releases/download/v2.0.0/pitchfork-x86_64-unknown-linux-gnu.tar.gz"}
"platforms.macos-arm64" = { checksum = "sha256:a698745abdc042b160c89c5434981cc0e11128611548363a9e5c4234d9b65747", url = "https://github.com/jdx/pitchfork/releases/download/v2.0.0/pitchfork-aarch64-apple-darwin.tar.gz"}
"platforms.windows-x64" = { checksum = "sha256:60ecb95dc8009a685be6ede20efbb02c8bec57a40023343b70efae19efd2b528", url = "https://github.com/jdx/pitchfork/releases/download/v2.0.0/pitchfork-x86_64-pc-windows-msvc.zip"}

[[tools.pnpm]]
version = "10.28.1"
backend = "aqua:pnpm/pnpm"
"platforms.linux-arm64" = { checksum = "sha256:bbc6860d6c7eb33bcafe670874323cd6617b03e46f8b34163bb0691eac8156f3", url = "https://github.com/pnpm/pnpm/releases/download/v10.28.1/pnpm-linux-arm64"}
"platforms.linux-x64" = { checksum = "sha256:e1a90745bbab7aad1de6886e5c6da978463fe8382953d1406e0e30661d0613a1", url = "https://github.com/pnpm/pnpm/releases/download/v10.28.1/pnpm-linux-x64"}
"platforms.macos-arm64" = { checksum = "sha256:6c123dcd8c7eab530f51f0544e7c893a5249cabda5a9469db63262cc7a738fcb", url = "https://github.com/pnpm/pnpm/releases/download/v10.28.1/pnpm-macos-arm64"}
"platforms.macos-x64" = { checksum = "sha256:11cc2b5c9e6f0e1d6e2bfb414e0db3d26f07378a76c2c045ec9dbecc91050bd4", url = "https://github.com/pnpm/pnpm/releases/download/v10.28.1/pnpm-macos-x64"}
"platforms.windows-x64" = { checksum = "sha256:6205534c0e8acd0cc3a2da48ee8a3ece33e7e170ab84880f888edca51a795312", url = "https://github.com/pnpm/pnpm/releases/download/v10.28.1/pnpm-win-x64.exe"}

[[tools.prettier]]
version = "3.8.1"
backend = "npm:prettier"
